
Microsoft Visual Studio Solution File, Format Version 12.00
# Visual Studio 15
VisualStudioVersion = 15.0.27004.2005
MinimumVisualStudioVersion = 10.0.40219.1
Project("{FAE04EC0-301F-11D3-BF4B-00C04F79EFBC}") = "PokeBowlWebApplication", "PokeBowlWebApplication\PokeBowlWebApplication.csproj", "{2E244A21-A121-447F-B1D9-6138BFD18977}"
EndProject
Global
	GlobalSection(SolutionConfigurationPlatforms) = preSolution
		Debug|Any CPU = Debug|Any CPU
		Release|Any CPU = Release|Any CPU
	EndGlobalSection
	GlobalSection(ProjectConfigurationPlatforms) = postSolution
		{2E244A21-A121-447F-B1D9-6138BFD18977}.Debug|Any CPU.ActiveCfg = Debug|Any CPU
		{2E244A21-A121-447F-B1D9-6138BFD18977}.Debug|Any CPU.Build.0 = Debug|Any CPU
		{2E244A21-A121-447F-B1D9-6138BFD18977}.Release|Any CPU.ActiveCfg = Release|Any CPU
		{2E244A21-A121-447F-B1D9-6138BFD18977}.Release|Any CPU.Build.0 = Release|Any CPU
	EndGlobalSection
	GlobalSection(SolutionProperties) = preSolution
		HideSolutionNode = FALSE
	EndGlobalSection
	GlobalSection(ExtensibilityGlobals) = postSolution
		SolutionGuid = {5322B582-C982-418D-8145-9F7DB7FB2CD9}
	EndGlobalSection
EndGlobal
